// !$*UTF8*$!
{
	archiveVersion = 1;
	classes = {
	};
	objectVersion = 46;
	objects = {

/* Begin PBXBuildFile section */
		D35BDE521BF234B00070DDC1 /* AppDelegate.swift in Sources */ = {isa = PBXBuildFile; fileRef = D35BDE511BF234B00070DDC1 /* AppDelegate.swift */; };
		D35BDE541BF234B00070DDC1 /* ViewController.swift in Sources */ = {isa = PBXBuildFile; fileRef = D35BDE531BF234B00070DDC1 /* ViewController.swift */; };
		D35BDE571BF234B00070DDC1 /* Main.storyboard in Resources */ = {isa = PBXBuildFile; fileRef = D35BDE551BF234B00070DDC1 /* Main.storyboard */; };
		D35BDE591BF234B00070DDC1 /* Assets.xcassets in Resources */ = {isa = PBXBuildFile; fileRef = D35BDE581BF234B00070DDC1 /* Assets.xcassets */; };
		D35BDE5C1BF234B00070DDC1 /* LaunchScreen.storyboard in Resources */ = {isa = PBXBuildFile; fileRef = D35BDE5A1BF234B00070DDC1 /* LaunchScreen.storyboard */; };
		D35BDE671BF234B00070DDC1 /* RatingsTests.swift in Sources */ = {isa = PBXBuildFile; fileRef = D35BDE661BF234B00070DDC1 /* RatingsTests.swift */; };
		D35BDE721BF234B00070DDC1 /* RatingsUITests.swift in Sources */ = {isa = PBXBuildFile; fileRef = D35BDE711BF234B00070DDC1 /* RatingsUITests.swift */; };
		D35BDE801BF254500070DDC1 /* PlayersViewController.swift in Sources */ = {isa = PBXBuildFile; fileRef = D35BDE7F1BF254500070DDC1 /* PlayersViewController.swift */; };
		D35BDE821BF254B10070DDC1 /* Player.swift in Sources */ = {isa = PBXBuildFile; fileRef = D35BDE811BF254B10070DDC1 /* Player.swift */; };
		D35BDE841BF254FC0070DDC1 /* sampleData.swift in Sources */ = {isa = PBXBuildFile; fileRef = D35BDE831BF254FC0070DDC1 /* sampleData.swift */; };
		D35BDE861BF25E060070DDC1 /* PlayerCellTableViewCell.swift in Sources */ = {isa = PBXBuildFile; fileRef = D35BDE851BF25E060070DDC1 /* PlayerCellTableViewCell.swift */; };
		D35BDE881BF26B040070DDC1 /* PlayerDetailsViewController.swift in Sources */ = {isa = PBXBuildFile; fileRef = D35BDE871BF26B040070DDC1 /* PlayerDetailsViewController.swift */; };
		D35BDE8A1BF291860070DDC1 /* GamePickerViewController.swift in Sources */ = {isa = PBXBuildFile; fileRef = D35BDE891BF291860070DDC1 /* GamePickerViewController.swift */; };
/* End PBXBuildFile section */

/* Begin PBXContainerItemProxy section */
		D35BDE631BF234B00070DDC1 /* PBXContainerItemProxy */ = {
			isa = PBXContainerItemProxy;
			containerPortal = D35BDE461BF234B00070DDC1 /* Project object */;
			proxyType = 1;
			remoteGlobalIDString = D35BDE4D1BF234B00070DDC1;
			remoteInfo = Ratings;
		};
		D35BDE6E1BF234B00070DDC1 /* PBXContainerItemProxy */ = {
			isa = PBXContainerItemProxy;
			containerPortal = D35BDE461BF234B00070DDC1 /* Project object */;
			proxyType = 1;
			remoteGlobalIDString = D35BDE4D1BF234B00070DDC1;
			remoteInfo = Ratings;
		};
/* End PBXContainerItemProxy section */

/* Begin PBXFileReference section */
		D35BDE4E1BF234B00070DDC1 /* Ratings.app */ = {isa = PBXFileReference; explicitFileType = wrapper.application; includeInIndex = 0; path = Ratings.app; sourceTree = BUILT_PRODUCTS_DIR; };
		D35BDE511BF234B00070DDC1 /* AppDelegate.swift */ = {isa = PBXFileReference; lastKnownFileType = sourcecode.swift; path = AppDelegate.swift; sourceTree = "<group>"; };
		D35BDE531BF234B00070DDC1 /* ViewController.swift */ = {isa = PBXFileReference; lastKnownFileType = sourcecode.swift; path = ViewController.swift; sourceTree = "<group>"; };
		D35BDE561BF234B00070DDC1 /* Base */ = {isa = PBXFileReference; lastKnownFileType = file.storyboard; name = Base; path = Base.lproj/Main.storyboard; sourceTree = "<group>"; };
		D35BDE581BF234B00070DDC1 /* Assets.xcassets */ = {isa = PBXFileReference; lastKnownFileType = folder.assetcatalog; path = Assets.xcassets; sourceTree = "<group>"; };
		D35BDE5B1BF234B00070DDC1 /* Base */ = {isa = PBXFileReference; lastKnownFileType = file.storyboard; name = Base; path = Base.lproj/LaunchScreen.storyboard; sourceTree = "<group>"; };
		D35BDE5D1BF234B00070DDC1 /* Info.plist */ = {isa = PBXFileReference; lastKnownFileType = text.plist.xml; path = Info.plist; sourceTree = "<group>"; };
		D35BDE621BF234B00070DDC1 /* RatingsTests.xctest */ = {isa = PBXFileReference; explicitFileType = wrapper.cfbundle; includeInIndex = 0; path = RatingsTests.xctest; sourceTree = BUILT_PRODUCTS_DIR; };
		D35BDE661BF234B00070DDC1 /* RatingsTests.swift */ = {isa = PBXFileReference; lastKnownFileType = sourcecode.swift; path = RatingsTests.swift; sourceTree = "<group>"; };
		D35BDE681BF234B00070DDC1 /* Info.plist */ = {isa = PBXFileReference; lastKnownFileType = text.plist.xml; path = Info.plist; sourceTree = "<group>"; };
		D35BDE6D1BF234B00070DDC1 /* RatingsUITests.xctest */ = {isa = PBXFileReference; explicitFileType = wrapper.cfbundle; includeInIndex = 0; path = RatingsUITests.xctest; sourceTree = BUILT_PRODUCTS_DIR; };
		D35BDE711BF234B00070DDC1 /* RatingsUITests.swift */ = {isa = PBXFileReference; lastKnownFileType = sourcecode.swift; path = RatingsUITests.swift; sourceTree = "<group>"; };
		D35BDE731BF234B00070DDC1 /* Info.plist */ = {isa = PBXFileReference; lastKnownFileType = text.plist.xml; path = Info.plist; sourceTree = "<group>"; };
		D35BDE7F1BF254500070DDC1 /* PlayersViewController.swift */ = {isa = PBXFileReference; fileEncoding = 4; lastKnownFileType = sourcecode.swift; path = PlayersViewController.swift; sourceTree = "<group>"; };
		D35BDE811BF254B10070DDC1 /* Player.swift */ = {isa = PBXFileReference; fileEncoding = 4; lastKnownFileType = sourcecode.swift; path = Player.swift; sourceTree = "<group>"; };
		D35BDE831BF254FC0070DDC1 /* sampleData.swift */ = {isa = PBXFileReference; fileEncoding = 4; lastKnownFileType = sourcecode.swift; path = sampleData.swift; sourceTree = "<group>"; };
		D35BDE851BF25E060070DDC1 /* PlayerCellTableViewCell.swift */ = {isa = PBXFileReference; fileEncoding = 4; lastKnownFileType = sourcecode.swift; path = PlayerCellTableViewCell.swift; sourceTree = "<group>"; };
		D35BDE871BF26B040070DDC1 /* PlayerDetailsViewController.swift */ = {isa = PBXFileReference; fileEncoding = 4; lastKnownFileType = sourcecode.swift; path = PlayerDetailsViewController.swift; sourceTree = "<group>"; };
		D35BDE891BF291860070DDC1 /* GamePickerViewController.swift */ = {isa = PBXFileReference; fileEncoding = 4; lastKnownFileType = sourcecode.swift; path = GamePickerViewController.swift; sourceTree = "<group>"; };
/* End PBXFileReference section */

/* Begin PBXFrameworksBuildPhase section */
		D35BDE4B1BF234B00070DDC1 /* Frameworks */ = {
			isa = PBXFrameworksBuildPhase;
			buildActionMask = 2147483647;
			files = (
			);
			runOnlyForDeploymentPostprocessing = 0;
		};
		D35BDE5F1BF234B00070DDC1 /* Frameworks */ = {
			isa = PBXFrameworksBuildPhase;
			buildActionMask = 2147483647;
			files = (
			);
			runOnlyForDeploymentPostprocessing = 0;
		};
		D35BDE6A1BF234B00070DDC1 /* Frameworks */ = {
			isa = PBXFrameworksBuildPhase;
			buildActionMask = 2147483647;
			files = (
			);
			runOnlyForDeploymentPostprocessing = 0;
		};
/* End PBXFrameworksBuildPhase section */

/* Begin PBXGroup section */
		D35BDE451BF234B00070DDC1 = {
			isa = PBXGroup;
			children = (
				D35BDE501BF234B00070DDC1 /* Ratings */,
				D35BDE651BF234B00070DDC1 /* RatingsTests */,
				D35BDE701BF234B00070DDC1 /* RatingsUITests */,
				D35BDE4F1BF234B00070DDC1 /* Products */,
			);
			sourceTree = "<group>";
		};
		D35BDE4F1BF234B00070DDC1 /* Products */ = {
			isa = PBXGroup;
			children = (
				D35BDE4E1BF234B00070DDC1 /* Ratings.app */,
				D35BDE621BF234B00070DDC1 /* RatingsTests.xctest */,
				D35BDE6D1BF234B00070DDC1 /* RatingsUITests.xctest */,
			);
			name = Products;
			sourceTree = "<group>";
		};
		D35BDE501BF234B00070DDC1 /* Ratings */ = {
			isa = PBXGroup;
			children = (
				D35BDE511BF234B00070DDC1 /* AppDelegate.swift */,
				D35BDE811BF254B10070DDC1 /* Player.swift */,
				D35BDE7F1BF254500070DDC1 /* PlayersViewController.swift */,
				D35BDE851BF25E060070DDC1 /* PlayerCellTableViewCell.swift */,
				D35BDE871BF26B040070DDC1 /* PlayerDetailsViewController.swift */,
				D35BDE891BF291860070DDC1 /* GamePickerViewController.swift */,
				D35BDE531BF234B00070DDC1 /* ViewController.swift */,
				D35BDE551BF234B00070DDC1 /* Main.storyboard */,
				D35BDE581BF234B00070DDC1 /* Assets.xcassets */,
				D35BDE5A1BF234B00070DDC1 /* LaunchScreen.storyboard */,
				D35BDE5D1BF234B00070DDC1 /* Info.plist */,
				D35BDE831BF254FC0070DDC1 /* sampleData.swift */,
			);
			path = Ratings;
			sourceTree = "<group>";
		};
		D35BDE651BF234B00070DDC1 /* RatingsTests */ = {
			isa = PBXGroup;
			children = (
				D35BDE661BF234B00070DDC1 /* RatingsTests.swift */,
				D35BDE681BF234B00070DDC1 /* Info.plist */,
			);
			path = RatingsTests;
			sourceTree = "<group>";
		};
		D35BDE701BF234B00070DDC1 /* RatingsUITests */ = {
			isa = PBXGroup;
			children = (
				D35BDE711BF234B00070DDC1 /* RatingsUITests.swift */,
				D35BDE731BF234B00070DDC1 /* Info.plist */,
			);
			path = RatingsUITests;
			sourceTree = "<group>";
		};
/* End PBXGroup section */

/* Begin PBXNativeTarget section */
		D35BDE4D1BF234B00070DDC1 /* Ratings */ = {
			isa = PBXNativeTarget;
			buildConfigurationList = D35BDE761BF234B00070DDC1 /* Build configuration list for PBXNativeTarget "Ratings" */;
			buildPhases = (
				D35BDE4A1BF234B00070DDC1 /* Sources */,
				D35BDE4B1BF234B00070DDC1 /* Frameworks */,
				D35BDE4C1BF234B00070DDC1 /* Resources */,
			);
			buildRules = (
			);
			dependencies = (
			);
			name = Ratings;
			productName = Ratings;
			productReference = D35BDE4E1BF234B00070DDC1 /* Ratings.app */;
			productType = "com.apple.product-type.application";
		};
		D35BDE611BF234B00070DDC1 /* RatingsTests */ = {
			isa = PBXNativeTarget;
			buildConfigurationList = D35BDE791BF234B00070DDC1 /* Build configuration list for PBXNativeTarget "RatingsTests" */;
			buildPhases = (
				D35BDE5E1BF234B00070DDC1 /* Sources */,
				D35BDE5F1BF234B00070DDC1 /* Frameworks */,
				D35BDE601BF234B00070DDC1 /* Resources */,
			);
			buildRules = (
			);
			dependencies = (
				D35BDE641BF234B00070DDC1 /* PBXTargetDependency */,
			);
			name = RatingsTests;
			productName = RatingsTests;
			productReference = D35BDE621BF234B00070DDC1 /* RatingsTests.xctest */;
			productType = "com.apple.product-type.bundle.unit-test";
		};
		D35BDE6C1BF234B00070DDC1 /* RatingsUITests */ = {
			isa = PBXNativeTarget;
			buildConfigurationList = D35BDE7C1BF234B00070DDC1 /* Build configuration list for PBXNativeTarget "RatingsUITests" */;
			buildPhases = (
				D35BDE691BF234B00070DDC1 /* Sources */,
				D35BDE6A1BF234B00070DDC1 /* Frameworks */,
				D35BDE6B1BF234B00070DDC1 /* Resources */,
			);
			buildRules = (
			);
			dependencies = (
				D35BDE6F1BF234B00070DDC1 /* PBXTargetDependency */,
			);
			name = RatingsUITests;
			productName = RatingsUITests;
			productReference = D35BDE6D1BF234B00070DDC1 /* RatingsUITests.xctest */;
			productType = "com.apple.product-type.bundle.ui-testing";
		};
/* End PBXNativeTarget section */

/* Begin PBXProject section */
		D35BDE461BF234B00070DDC1 /* Project object */ = {
			isa = PBXProject;
			attributes = {
				LastSwiftUpdateCheck = 0710;
				LastUpgradeCheck = 0710;
				ORGANIZATIONNAME = "Brian Glowe";
				TargetAttributes = {
					D35BDE4D1BF234B00070DDC1 = {
						CreatedOnToolsVersion = 7.1;
					};
					D35BDE611BF234B00070DDC1 = {
						CreatedOnToolsVersion = 7.1;
						TestTargetID = D35BDE4D1BF234B00070DDC1;
					};
					D35BDE6C1BF234B00070DDC1 = {
						CreatedOnToolsVersion = 7.1;
						TestTargetID = D35BDE4D1BF234B00070DDC1;
					};
				};
			};
			buildConfigurationList = D35BDE491BF234B00070DDC1 /* Build configuration list for PBXProject "Ratings" */;
			compatibilityVersion = "Xcode 3.2";
			developmentRegion = English;
			hasScannedForEncodings = 0;
			knownRegions = (
				en,
				Base,
			);
			mainGroup = D35BDE451BF234B00070DDC1;
			productRefGroup = D35BDE4F1BF234B00070DDC1 /* Products */;
			projectDirPath = "";
			projectRoot = "";
			targets = (
				D35BDE4D1BF234B00070DDC1 /* Ratings */,
				D35BDE611BF234B00070DDC1 /* RatingsTests */,
				D35BDE6C1BF234B00070DDC1 /* RatingsUITests */,
			);
		};
/* End PBXProject section */

/* Begin PBXResourcesBuildPhase section */
		D35BDE4C1BF234B00070DDC1 /* Resources */ = {
			isa = PBXResourcesBuildPhase;
			buildActionMask = 2147483647;
			files = (
				D35BDE5C1BF234B00070DDC1 /* LaunchScreen.storyboard in Resources */,
				D35BDE591BF234B00070DDC1 /* Assets.xcassets in Resources */,
				D35BDE571BF234B00070DDC1 /* Main.storyboard in Resources */,
			);
			runOnlyForDeploymentPostprocessing = 0;
		};
		D35BDE601BF234B00070DDC1 /* Resources */ = {
			isa = PBXResourcesBuildPhase;
			buildActionMask = 2147483647;
			files = (
			);
			runOnlyForDeploymentPostprocessing = 0;
		};
		D35BDE6B1BF234B00070DDC1 /* Resources */ = {
			isa = PBXResourcesBuildPhase;
			buildActionMask = 2147483647;
			files = (
			);
			runOnlyForDeploymentPostprocessing = 0;
		};
/* End PBXResourcesBuildPhase section */

/* Begin PBXSourcesBuildPhase section */
		D35BDE4A1BF234B00070DDC1 /* Sources */ = {
			isa = PBXSourcesBuildPhase;
			buildActionMask = 2147483647;
			files = (
				D35BDE8A1BF291860070DDC1 /* GamePickerViewController.swift in Sources */,
				D35BDE821BF254B10070DDC1 /* Player.swift in Sources */,
				D35BDE541BF234B00070DDC1 /* ViewController.swift in Sources */,
				D35BDE861BF25E060070DDC1 /* PlayerCellTableViewCell.swift in Sources */,
				D35BDE881BF26B040070DDC1 /* PlayerDetailsViewController.swift in Sources */,
				D35BDE521BF234B00070DDC1 /* AppDelegate.swift in Sources */,
				D35BDE801BF254500070DDC1 /* PlayersViewController.swift in Sources */,
				D35BDE841BF254FC0070DDC1 /* sampleData.swift in Sources */,
			);
			runOnlyForDeploymentPostprocessing = 0;
		};
		D35BDE5E1BF234B00070DDC1 /* Sources */ = {
			isa = PBXSourcesBuildPhase;
			buildActionMask = 2147483647;
			files = (
				D35BDE671BF234B00070DDC1 /* RatingsTests.swift in Sources */,
			);
			runOnlyForDeploymentPostprocessing = 0;
		};
		D35BDE691BF234B00070DDC1 /* Sources */ = {
			isa = PBXSourcesBuildPhase;
			buildActionMask = 2147483647;
			files = (
				D35BDE721BF234B00070DDC1 /* RatingsUITests.swift in Sources */,
			);
			runOnlyForDeploymentPostprocessing = 0;
		};
/* End PBXSourcesBuildPhase section */

/* Begin PBXTargetDependency section */
		D35BDE641BF234B00070DDC1 /* PBXTargetDependency */ = {
			isa = PBXTargetDependency;
			target = D35BDE4D1BF234B00070DDC1 /* Ratings */;
			targetProxy = D35BDE631BF234B00070DDC1 /* PBXContainerItemProxy */;
		};
		D35BDE6F1BF234B00070DDC1 /* PBXTargetDependency */ = {
			isa = PBXTargetDependency;
			target = D35BDE4D1BF234B00070DDC1 /* Ratings */;
			targetProxy = D35BDE6E1BF234B00070DDC1 /* PBXContainerItemProxy */;
		};
/* End PBXTargetDependency section */

/* Begin PBXVariantGroup section */
		D35BDE551BF234B00070DDC1 /* Main.storyboard */ = {
			isa = PBXVariantGroup;
			children = (
				D35BDE561BF234B00070DDC1 /* Base */,
			);
			name = Main.storyboard;
			sourceTree = "<group>";
		};
		D35BDE5A1BF234B00070DDC1 /* LaunchScreen.storyboard */ = {
			isa = PBXVariantGroup;
			children = (
				D35BDE5B1BF234B00070DDC1 /* Base */,
			);
			name = LaunchScreen.storyboard;
			sourceTree = "<group>";
		};
/* End PBXVariantGroup section */

/* Begin XCBuildConfiguration section */
		D35BDE741BF234B00070DDC1 /* Debug */ = {
			isa = XCBuildConfiguration;
			buildSettings = {
				ALWAYS_SEARCH_USER_PATHS = NO;
				CLANG_CXX_LANGUAGE_STANDARD = "gnu++0x";
				CLANG_CXX_LIBRARY = "libc++";
				CLANG_ENABLE_MODULES = YES;
				CLANG_ENABLE_OBJC_ARC = YES;
				CLANG_WARN_BOOL_CONVERSION = YES;
				CLANG_WARN_CONSTANT_CONVERSION = YES;
				CLANG_WARN_DIRECT_OBJC_ISA_USAGE = YES_ERROR;
				CLANG_WARN_EMPTY_BODY = YES;
				CLANG_WARN_ENUM_CONVERSION = YES;
				CLANG_WARN_INT_CONVERSION = YES;
				CLANG_WARN_OBJC_ROOT_CLASS = YES_ERROR;
				CLANG_WARN_UNREACHABLE_CODE = YES;
				CLANG_WARN__DUPLICATE_METHOD_MATCH = YES;
				"CODE_SIGN_IDENTITY[sdk=iphoneos*]" = "iPhone Developer";
				COPY_PHASE_STRIP = NO;
				DEBUG_INFORMATION_FORMAT = dwarf;
				ENABLE_STRICT_OBJC_MSGSEND = YES;
				ENABLE_TESTABILITY = YES;
				GCC_C_LANGUAGE_STANDARD = gnu99;
				GCC_DYNAMIC_NO_PIC = NO;
				GCC_NO_COMMON_BLOCKS = YES;
				GCC_OPTIMIZATION_LEVEL = 0;
				GCC_PREPROCESSOR_DEFINITIONS = (
					"DEBUG=1",
					"$(inherited)",
				);
				GCC_WARN_64_TO_32_BIT_CONVERSION = YES;
				GCC_WARN_ABOUT_RETURN_TYPE = YES_ERROR;
				GCC_WARN_UNDECLARED_SELECTOR = YES;
				GCC_WARN_UNINITIALIZED_AUTOS = YES_AGGRESSIVE;
				GCC_WARN_UNUSED_FUNCTION = YES;
				GCC_WARN_UNUSED_VARIABLE = YES;
				IPHONEOS_DEPLOYMENT_TARGET = 9.1;
				MTL_ENABLE_DEBUG_INFO = YES;
				ONLY_ACTIVE_ARCH = YES;
				SDKROOT = iphoneos;
				SWIFT_OPTIMIZATION_LEVEL = "-Onone";
				TARGETED_DEVICE_FAMILY = "1,2";
			};
			name = Debug;
		};
		D35BDE751BF234B00070DDC1 /* Release */ = {
			isa = XCBuildConfiguration;
			buildSettings = {
				ALWAYS_SEARCH_USER_PATHS = NO;
				CLANG_CXX_LANGUAGE_STANDARD = "gnu++0x";
				CLANG_CXX_LIBRARY = "libc++";
				CLANG_ENABLE_MODULES = YES;
				CLANG_ENABLE_OBJC_ARC = YES;
				CLANG_WARN_BOOL_CONVERSION = YES;
				CLANG_WARN_CONSTANT_CONVERSION = YES;
				CLANG_WARN_DIRECT_OBJC_ISA_USAGE = YES_ERROR;
				CLANG_WARN_EMPTY_BODY = YES;
				CLANG_WARN_ENUM_CONVERSION = YES;
				CLANG_WARN_INT_CONVERSION = YES;
				CLANG_WARN_OBJC_ROOT_CLASS = YES_ERROR;
				CLANG_WARN_UNREACHABLE_CODE = YES;
				CLANG_WARN__DUPLICATE_METHOD_MATCH = YES;
				"CODE_SIGN_IDENTITY[sdk=iphoneos*]" = "iPhone Developer";
				COPY_PHASE_STRIP = NO;
				DEBUG_INFORMATION_FORMAT = "dwarf-with-dsym";
				ENABLE_NS_ASSERTIONS = NO;
				ENABLE_STRICT_OBJC_MSGSEND = YES;
				GCC_C_LANGUAGE_STANDARD = gnu99;
				GCC_NO_COMMON_BLOCKS = YES;
				GCC_WARN_64_TO_32_BIT_CONVERSION = YES;
				GCC_WARN_ABOUT_RETURN_TYPE = YES_ERROR;
				GCC_WARN_UNDECLARED_SELECTOR = YES;
				GCC_WARN_UNINITIALIZED_AUTOS = YES_AGGRESSIVE;
				GCC_WARN_UNUSED_FUNCTION = YES;
				GCC_WARN_UNUSED_VARIABLE = YES;
				IPHONEOS_DEPLOYMENT_TARGET = 9.1;
				MTL_ENABLE_DEBUG_INFO = NO;
				SDKROOT = iphoneos;
				TARGETED_DEVICE_FAMILY = "1,2";
				VALIDATE_PRODUCT = YES;
			};
			name = Release;
		};
		D35BDE771BF234B00070DDC1 /* Debug */ = {
			isa = XCBuildConfiguration;
			buildSettings = {
				ASSETCATALOG_COMPILER_APPICON_NAME = AppIcon;
				INFOPLIST_FILE = Ratings/Info.plist;
				IPHONEOS_DEPLOYMENT_TARGET = 9.0;
				LD_RUNPATH_SEARCH_PATHS = "$(inherited) @executable_path/Frameworks";
				PRODUCT_BUNDLE_IDENTIFIER = BG.Ratings;
				PRODUCT_NAME = "$(TARGET_NAME)";
				TARGETED_DEVICE_FAMILY = 1;
			};
			name = Debug;
		};
		D35BDE781BF234B00070DDC1 /* Release */ = {
			isa = XCBuildConfiguration;
			buildSettings = {
				ASSETCATALOG_COMPILER_APPICON_NAME = AppIcon;
				INFOPLIST_FILE = Ratings/Info.plist;
				IPHONEOS_DEPLOYMENT_TARGET = 9.0;
				LD_RUNPATH_SEARCH_PATHS = "$(inherited) @executable_path/Frameworks";
				PRODUCT_BUNDLE_IDENTIFIER = BG.Ratings;
				PRODUCT_NAME = "$(TARGET_NAME)";
				TARGETED_DEVICE_FAMILY = 1;
			};
			name = Release;
		};
		D35BDE7A1BF234B00070DDC1 /* Debug */ = {
			isa = XCBuildConfiguration;
			buildSettings = {
				BUNDLE_LOADER = "$(TEST_HOST)";
				INFOPLIST_FILE = RatingsTests/Info.plist;
				LD_RUNPATH_SEARCH_PATHS = "$(inherited) @executable_path/Frameworks @loader_path/Frameworks";
				PRODUCT_BUNDLE_IDENTIFIER = BG.RatingsTests;
				PRODUCT_NAME = "$(TARGET_NAME)";
				TEST_HOST = "$(BUILT_PRODUCTS_DIR)/Ratings.app/Ratings";
			};
			name = Debug;
		};
		D35BDE7B1BF234B00070DDC1 /* Release */ = {
			isa = XCBuildConfiguration;
			buildSettings = {
				BUNDLE_LOADER = "$(TEST_HOST)";
				INFOPLIST_FILE = RatingsTests/Info.plist;
				LD_RUNPATH_SEARCH_PATHS = "$(inherited) @executable_path/Frameworks @loader_path/Frameworks";
				PRODUCT_BUNDLE_IDENTIFIER = BG.RatingsTests;
				PRODUCT_NAME = "$(TARGET_NAME)";
				TEST_HOST = "$(BUILT_PRODUCTS_DIR)/Ratings.app/Ratings";
			};
			name = Release;
		};
		D35BDE7D1BF234B00070DDC1 /* Debug */ = {
			isa = XCBuildConfiguration;
			buildSettings = {
				INFOPLIST_FILE = RatingsUITests/Info.plist;
				LD_RUNPATH_SEARCH_PATHS = "$(inherited) @executable_path/Frameworks @loader_path/Frameworks";
				PRODUCT_BUNDLE_IDENTIFIER = BG.RatingsUITests;
				PRODUCT_NAME = "$(TARGET_NAME)";
				TEST_TARGET_NAME = Ratings;
				USES_XCTRUNNER = YES;
			};
			name = Debug;
		};
		D35BDE7E1BF234B00070DDC1 /* Release */ = {
			isa = XCBuildConfiguration;
			buildSettings = {
				INFOPLIST_FILE = RatingsUITests/Info.plist;
				LD_RUNPATH_SEARCH_PATHS = "$(inherited) @executable_path/Frameworks @loader_path/Frameworks";
				PRODUCT_BUNDLE_IDENTIFIER = BG.RatingsUITests;
				PRODUCT_NAME = "$(TARGET_NAME)";
				TEST_TARGET_NAME = Ratings;
				USES_XCTRUNNER = YES;
			};
			name = Release;
		};
/* End XCBuildConfiguration section */

/* Begin XCConfigurationList section */
		D35BDE491BF234B00070DDC1 /* Build configuration list for PBXProject "Ratings" */ = {
			isa = XCConfigurationList;
			buildConfigurations = (
				D35BDE741BF234B00070DDC1 /* Debug */,
				D35BDE751BF234B00070DDC1 /* Release */,
			);
			defaultConfigurationIsVisible = 0;
			defaultConfigurationName = Release;
		};
		D35BDE761BF234B00070DDC1 /* Build configuration list for PBXNativeTarget "Ratings" */ = {
			isa = XCConfigurationList;
			buildConfigurations = (
				D35BDE771BF234B00070DDC1 /* Debug */,
				D35BDE781BF234B00070DDC1 /* Release */,
			);
			defaultConfigurationIsVisible = 0;
		};
		D35BDE791BF234B00070DDC1 /* Build configuration list for PBXNativeTarget "RatingsTests" */ = {
			isa = XCConfigurationList;
			buildConfigurations = (
				D35BDE7A1BF234B00070DDC1 /* Debug */,
				D35BDE7B1BF234B00070DDC1 /* Release */,
			);
			defaultConfigurationIsVisible = 0;
		};
		D35BDE7C1BF234B00070DDC1 /* Build configuration list for PBXNativeTarget "RatingsUITests" */ = {
			isa = XCConfigurationList;
			buildConfigurations = (
				D35BDE7D1BF234B00070DDC1 /* Debug */,
				D35BDE7E1BF234B00070DDC1 /* Release */,
			);
			defaultConfigurationIsVisible = 0;
		};
/* End XCConfigurationList section */
	};
	rootObject = D35BDE461BF234B00070DDC1 /* Project object */;
}
